
Microsoft Visual Studio Solution File, Format Version 12.00
# Visual Studio 15
VisualStudioVersion = 15.0.27130.2027
MinimumVisualStudioVersion = 10.0.40219.1
Project("{FAE04EC0-301F-11D3-BF4B-00C04F79EFBC}") = "Ticketing.Processor.ServiceBus", "Ticketing.Processor.ServiceBus\Ticketing.Processor.ServiceBus.csproj", "{666A8B42-87C7-46D8-A088-2DCA9DB21BE2}"
EndProject
Project("{9A19103F-16F7-4668-BE54-9A1E7A4F7556}") = "Ticketing.Processor.StorageQueue", "Ticketing.Processor.StorageQueue\Ticketing.Processor.StorageQueue.csproj", "{038E8179-8ADA-4A1B-B147-7597F53C4F4D}"
EndProject
Project("{9A19103F-16F7-4668-BE54-9A1E7A4F7556}") = "Ticketing.Web", "Ticketing.Web\Ticketing.Web.csproj", "{ED6EB92B-FF2E-4489-B63E-A43938A4E28E}"
EndProject
Global
	GlobalSection(SolutionConfigurationPlatforms) = preSolution
		Debug|Any CPU = Debug|Any CPU
		Release|Any CPU = Release|Any CPU
	EndGlobalSection
	GlobalSection(ProjectConfigurationPlatforms) = postSolution
		{666A8B42-87C7-46D8-A088-2DCA9DB21BE2}.Debug|Any CPU.ActiveCfg = Debug|Any CPU
		{666A8B42-87C7-46D8-A088-2DCA9DB21BE2}.Debug|Any CPU.Build.0 = Debug|Any CPU
		{666A8B42-87C7-46D8-A088-2DCA9DB21BE2}.Release|Any CPU.ActiveCfg = Release|Any CPU
		{666A8B42-87C7-46D8-A088-2DCA9DB21BE2}.Release|Any CPU.Build.0 = Release|Any CPU
		{038E8179-8ADA-4A1B-B147-7597F53C4F4D}.Debug|Any CPU.ActiveCfg = Debug|Any CPU
		{038E8179-8ADA-4A1B-B147-7597F53C4F4D}.Debug|Any CPU.Build.0 = Debug|Any CPU
		{038E8179-8ADA-4A1B-B147-7597F53C4F4D}.Release|Any CPU.ActiveCfg = Release|Any CPU
		{038E8179-8ADA-4A1B-B147-7597F53C4F4D}.Release|Any CPU.Build.0 = Release|Any CPU
		{ED6EB92B-FF2E-4489-B63E-A43938A4E28E}.Debug|Any CPU.ActiveCfg = Debug|Any CPU
		{ED6EB92B-FF2E-4489-B63E-A43938A4E28E}.Debug|Any CPU.Build.0 = Debug|Any CPU
		{ED6EB92B-FF2E-4489-B63E-A43938A4E28E}.Release|Any CPU.ActiveCfg = Release|Any CPU
		{ED6EB92B-FF2E-4489-B63E-A43938A4E28E}.Release|Any CPU.Build.0 = Release|Any CPU
	EndGlobalSection
	GlobalSection(SolutionProperties) = preSolution
		HideSolutionNode = FALSE
	EndGlobalSection
	GlobalSection(ExtensibilityGlobals) = postSolution
		SolutionGuid = {52D34E19-BBCB-44EC-B1B3-EC218306D825}
	EndGlobalSection
EndGlobal
